
Microsoft Visual Studio Solution File, Format Version 12.00
# Visual Studio Version 17
VisualStudioVersion = 17.6.33815.320
MinimumVisualStudioVersion = 10.0.40219.1
Project("{FAE04EC0-301F-11D3-BF4B-00C04F79EFBC}") = "OAT2", "OAT2\OAT2.csproj", "{CE491CC0-4528-4A16-9538-4A9CC8F510D8}"
EndProject
Global
	GlobalSection(SolutionConfigurationPlatforms) = preSolution
		Debug|Any CPU = Debug|Any CPU
		Release|Any CPU = Release|Any CPU
	EndGlobalSection
	GlobalSection(ProjectConfigurationPlatforms) = postSolution
		{CE491CC0-4528-4A16-9538-4A9CC8F510D8}.Debug|Any CPU.ActiveCfg = Debug|Any CPU
		{CE491CC0-4528-4A16-9538-4A9CC8F510D8}.Debug|Any CPU.Build.0 = Debug|Any CPU
		{CE491CC0-4528-4A16-9538-4A9CC8F510D8}.Release|Any CPU.ActiveCfg = Release|Any CPU
		{CE491CC0-4528-4A16-9538-4A9CC8F510D8}.Release|Any CPU.Build.0 = Release|Any CPU
	EndGlobalSection
	GlobalSection(SolutionProperties) = preSolution
		HideSolutionNode = FALSE
	EndGlobalSection
	GlobalSection(ExtensibilityGlobals) = postSolution
		SolutionGuid = {65DC825F-6ADA-4A36-9C33-81731E6B6B0D}
	EndGlobalSection
EndGlobal
